{
  "name": "workshop",
  "version": "1.0.0",
  "lockfileVersion": 1,
  "requires": true,
  "dependencies": {
    "@fortawesome/fontawesome-free": {
      "version": "5.15.4",
      "resolved": "https://registry.npmjs.org/@fortawesome/fontawesome-free/-/fontawesome-free-5.15.4.tgz",
      "integrity": "sha512-eYm8vijH/hpzr/6/1CJ/V/Eb1xQFW2nnUKArb3z+yUWv7HTwj6M7SP957oMjfZjAHU6qpoNc2wQvIxBLWYa/Jg=="
    },
    "bootstrap": {
      "version": "5.0.2",
      "resolved": "https://registry.npmjs.org/bootstrap/-/bootstrap-5.0.2.tgz",
      "integrity": "sha512-1Ge963tyEQWJJ+8qtXFU6wgmAVj9gweEjibUdbmcCEYsn38tVwRk8107rk2vzt6cfQcRr3SlZ8aQBqaD8aqf+Q=="
    },
    "bootstrap4-toggle": {
      "version": "3.6.1",
      "resolved": "https://registry.npmjs.org/bootstrap4-toggle/-/bootstrap4-toggle-3.6.1.tgz",
      "integrity": "sha512-eRejcTc9YurhZ64nHY9Ii9DQn+F9/R74H9RPoeANVM3N1+C2lZ2tUuFCx1w3orOJ1y/iG4A7iCwdDZphMDIrYg=="
    },
    "datatables.net": {
      "version": "1.10.25",
      "resolved": "https://registry.npmjs.org/datatables.net/-/datatables.net-1.10.25.tgz",
      "integrity": "sha512-y0+C7all+MC/h1acwnjErhaJPjYGKpWTvbXrfEUbR8+P+nnhgjNn5nL1udgsTwBObMhlj1KITNBRrM/ZLSoj+Q==",
      "requires": {
        "jquery": ">=1.7"
      }
    },
    "datatables.net-bs5": {
      "version": "1.10.25",
      "resolved": "https://registry.npmjs.org/datatables.net-bs5/-/datatables.net-bs5-1.10.25.tgz",
      "integrity": "sha512-SiONLsCrVOuSZm8AcKcMrpo9ZriCdtuf9udzxwK92yrI2a+mnuSi0EreG35Rcq1ORRELqrp3/2o+qcTHo7fSsg==",
      "requires": {
        "datatables.net": "^1.10.15",
        "jquery": ">=1.7"
      }
    },
    "datatables.net-responsive": {
      "version": "2.2.9",
      "resolved": "https://registry.npmjs.org/datatables.net-responsive/-/datatables.net-responsive-2.2.9.tgz",
      "integrity": "sha512-C+mOY/mG17zzaYPtgqAOsC4JlGddGkKmO/ADNEtNZ41bcPV1/3jJzkOWT3DCZ400NmkXLDz4WObWlPT8WCgfzg==",
      "requires": {
        "datatables.net": "^1.10.15",
        "jquery": ">=1.7"
      }
    },
    "datatables.net-responsive-bs5": {
      "version": "2.2.9",
      "resolved": "https://registry.npmjs.org/datatables.net-responsive-bs5/-/datatables.net-responsive-bs5-2.2.9.tgz",
      "integrity": "sha512-2g+gFyQCek/OR1RQTVPVq42NUQ+cGGeGKV6+qALyO6MCGYqJ4oKNb368EmvyHGCCRdEngiaC/1eesmupF0q20w==",
      "requires": {
        "jquery": ">=1.7"
      }
    },
    "jquery": {
      "version": "3.6.0",
      "resolved": "https://registry.npmjs.org/jquery/-/jquery-3.6.0.tgz",
      "integrity": "sha512-JVzAR/AjBvVt2BmYhxRCSYysDsPcssdmTFnzyLEts9qNwmjmu4JTAMYubEfwVOSwpQ1I1sKKFcxhZCI2buerfw=="
    },
    "sweetalert2": {
      "version": "11.1.0",
      "resolved": "https://registry.npmjs.org/sweetalert2/-/sweetalert2-11.1.0.tgz",
      "integrity": "sha512-gZKO1G7u/0Bu89CZ48AfYAecqRhz9Jp58BrBhuJYoaS/oaquLUuwmx3wrxiLaZhB5FDQlETPVt7OokJIHReJgQ=="
    }
  }
}
